<?xml version="1.0" encoding="utf-8"?>
<Project ToolsVersion="4.0" xmlns="http://schemas.microsoft.com/developer/msbuild/2003">
  <ItemGroup>
    <Filter Include="src">
      <UniqueIdentifier>{e50577f5-1ab7-4b99-90bf-a38ed5e3ec89}</UniqueIdentifier>
    </Filter>
    <Filter Include="src\Block">
      <UniqueIdentifier>{40b678ef-e128-42fa-bb8f-a759d00f5d47}</UniqueIdentifier>
    </Filter>
    <Filter Include="src\SHA256">
      <UniqueIdentifier>{bc5cbd76-5111-4c3b-891e-41fa2bbf5617}</UniqueIdentifier>
    </Filter>
    <Filter Include="src\Math">
      <UniqueIdentifier>{05958d4d-b0b4-419f-ac6b-490133bd4196}</UniqueIdentifier>
    </Filter>
    <Filter Include="src\Encryption">
      <UniqueIdentifier>{f47c94a8-f0e3-4e2f-826c-e26e398a9166}</UniqueIdentifier>
    </Filter>
    <Filter Include="src\SystemSolver">
      <UniqueIdentifier>{67c7e6fd-4207-4190-bca8-fd35504ddcef}</UniqueIdentifier>
    </Filter>
  </ItemGroup>
  <ItemGroup>
    <ClCompile Include="main.cpp">
      <Filter>src</Filter>
    </ClCompile>
    <ClCompile Include="Block.cpp">
      <Filter>src\Block</Filter>
    </ClCompile>
    <ClCompile Include="sha256.cpp">
      <Filter>src\SHA256</Filter>
    </ClCompile>
    <ClCompile Include="Blockchain.cpp">
      <Filter>src</Filter>
    </ClCompile>
    <ClCompile Include="KeySet.cpp">
      <Filter>src\Encryption</Filter>
    </ClCompile>
    <ClCompile Include="PublicKey.cpp">
      <Filter>src\Encryption</Filter>
    </ClCompile>
    <ClCompile Include="PrivateKey.cpp">
      <Filter>src\Encryption</Filter>
    </ClCompile>
  </ItemGroup>
  <ItemGroup>
    <ClInclude Include="Block.h">
      <Filter>src\Block</Filter>
    </ClInclude>
    <ClInclude Include="sha256.h">
      <Filter>src\SHA256</Filter>
    </ClInclude>
    <ClInclude Include="Blockchain.h">
      <Filter>src</Filter>
    </ClInclude>
    <ClInclude Include="MatrixNxM.h">
      <Filter>src\Math</Filter>
    </ClInclude>
    <ClInclude Include="VectorN.h">
      <Filter>src\Math</Filter>
    </ClInclude>
    <ClInclude Include="KeySet.h">
      <Filter>src\Encryption</Filter>
    </ClInclude>
    <ClInclude Include="PublicKey.h">
      <Filter>src\Encryption</Filter>
    </ClInclude>
    <ClInclude Include="PrivateKey.h">
      <Filter>src\Encryption</Filter>
    </ClInclude>
    <ClInclude Include="SystemSolver.h">
      <Filter>src\SystemSolver</Filter>
    </ClInclude>
  </ItemGroup>
  <ItemGroup>
    <Text Include="license.txt">
      <Filter>src\SHA256</Filter>
    </Text>
  </ItemGroup>
</Project>